
Microsoft Visual Studio Solution File, Format Version 12.00
# Visual Studio Version 16
VisualStudioVersion = 16.0.29509.3
MinimumVisualStudioVersion = 10.0.40219.1
Project("{FAE04EC0-301F-11D3-BF4B-00C04F79EFBC}") = "Tarea2Aplicada1", "Tarea2Aplicada1.csproj", "{C2442E5C-5AD4-4265-9678-754C81A605FC}"
EndProject
Global
	GlobalSection(SolutionConfigurationPlatforms) = preSolution
		Debug|Any CPU = Debug|Any CPU
		Release|Any CPU = Release|Any CPU
	EndGlobalSection
	GlobalSection(ProjectConfigurationPlatforms) = postSolution
		{C2442E5C-5AD4-4265-9678-754C81A605FC}.Debug|Any CPU.ActiveCfg = Debug|Any CPU
		{C2442E5C-5AD4-4265-9678-754C81A605FC}.Debug|Any CPU.Build.0 = Debug|Any CPU
		{C2442E5C-5AD4-4265-9678-754C81A605FC}.Release|Any CPU.ActiveCfg = Release|Any CPU
		{C2442E5C-5AD4-4265-9678-754C81A605FC}.Release|Any CPU.Build.0 = Release|Any CPU
	EndGlobalSection
	GlobalSection(SolutionProperties) = preSolution
		HideSolutionNode = FALSE
	EndGlobalSection
	GlobalSection(ExtensibilityGlobals) = postSolution
		SolutionGuid = {7EE16475-D3A2-4C0C-A0FC-F3CDE2295F17}
	EndGlobalSection
EndGlobal
